# This file is automatically @generated by Cargo.
# It is not intended for manual editing.
version = 4

[[package]]
name = "core-collections"
version = "0.1.0"

[[package]]
name = "core-commands"
version = "0.1.0"
dependencies = [
 "core-ids",
]

[[package]]
name = "core-error"
version = "0.1.0"

[[package]]
name = "core-events"
version = "0.1.0"
dependencies = [
 "core-ids",
]

[[package]]
name = "core-ids"
version = "0.1.0"

[[package]]
name = "core-math"
version = "0.1.0"

[[package]]
name = "core-snapshot"
version = "0.1.0"
dependencies = [
 "core-ids",
 "core-state",
]

[[package]]
name = "core-state"
version = "0.1.0"
dependencies = [
 "core-ids",
]

[[package]]
name = "core-time"
version = "0.1.0"

[[package]]
name = "fixture-maker"
version = "0.1.0"

[[package]]
name = "protocol-codegen"
version = "0.1.0"
dependencies = [
 "protocol-ids",
 "protocol-replay",
]

[[package]]
name = "protocol-dump"
version = "0.1.0"

[[package]]
name = "protocol-ids"
version = "0.1.0"
dependencies = [
 "core-ids",
]

[[package]]
name = "protocol-render"
version = "0.1.0"
dependencies = [
 "core-ids",
]

[[package]]
name = "protocol-replay"
version = "0.1.0"
dependencies = [
 "core-commands",
 "core-events",
 "core-ids",
]

[[package]]
name = "protocol-script"
version = "0.1.0"
dependencies = [
 "core-commands",
 "core-ids",
]

[[package]]
name = "protocol-telemetry"
version = "0.1.0"

[[package]]
name = "render-bridge"
version = "0.1.0"

[[package]]
name = "render-debug"
version = "0.1.0"

[[package]]
name = "replay-tool"
version = "0.1.0"
dependencies = [
 "sim-replay",
 "sim-runner",
]

[[package]]
name = "rule-lifecycle"
version = "0.1.0"

[[package]]
name = "rule-process"
version = "0.1.0"

[[package]]
name = "rule-relationship"
version = "0.1.0"

[[package]]
name = "rule-scheduler"
version = "0.1.0"

[[package]]
name = "rule-state-machine"
version = "0.1.0"

[[package]]
name = "sim-applier"
version = "0.1.0"
dependencies = [
 "core-events",
 "core-ids",
 "core-state",
]

[[package]]
name = "sim-kernel"
version = "0.1.0"
dependencies = [
 "core-commands",
 "core-events",
 "core-ids",
 "core-state",
]

[[package]]
name = "sim-replay"
version = "0.1.0"
dependencies = [
 "core-commands",
 "core-events",
 "core-ids",
 "protocol-replay",
]

[[package]]
name = "sim-runner"
version = "0.1.0"
dependencies = [
 "core-commands",
 "core-events",
 "core-ids",
 "core-snapshot",
 "core-state",
 "sim-applier",
 "sim-kernel",
 "sim-replay",
 "sim-validator",
]

[[package]]
name = "sim-validator"
version = "0.1.0"
dependencies = [
 "core-commands",
 "core-events",
 "core-ids",
 "core-state",
]

[[package]]
name = "snapshot-diff"
version = "0.1.0"

[[package]]
name = "state-inspector"
version = "0.1.0"

[[package]]
name = "svc-collision"
version = "0.1.0"

[[package]]
name = "svc-mesh"
version = "0.1.0"

[[package]]
name = "svc-pathfinding"
version = "0.1.0"

[[package]]
name = "svc-physics"
version = "0.1.0"

[[package]]
name = "svc-rng"
version = "0.1.0"

[[package]]
name = "svc-serialization"
version = "0.1.0"

[[package]]
name = "svc-spatial"
version = "0.1.0"

[[package]]
name = "svc-volume"
version = "0.1.0"

[[package]]
name = "wasm-api"
version = "0.1.0"
